
Microsoft Visual Studio Solution File, Format Version 12.00
# Visual Studio Version 16
VisualStudioVersion = 16.0.31410.357
MinimumVisualStudioVersion = 10.0.40219.1
Project("{8BC9CEB8-8B4A-11D0-8D11-00A0C91BC942}") = "Classes", "Classes\Classes.vcxproj", "{BDCA4909-F655-4B5E-842D-52A44C71023B}"
EndProject
Project("{8BC9CEB8-8B4A-11D0-8D11-00A0C91BC942}") = "Pointers", "Pointers\Pointers.vcxproj", "{714C1664-A4CE-48DF-BB29-3D5E47ADF371}"
EndProject
Project("{8BC9CEB8-8B4A-11D0-8D11-00A0C91BC942}") = "Inheritence", "Inheritence\Inheritence.vcxproj", "{37AFE99F-BEC7-480C-BCBD-204112156558}"
EndProject
Global
	GlobalSection(SolutionConfigurationPlatforms) = preSolution
		Debug|x64 = Debug|x64
		Debug|x86 = Debug|x86
		Release|x64 = Release|x64
		Release|x86 = Release|x86
	EndGlobalSection
	GlobalSection(ProjectConfigurationPlatforms) = postSolution
		{BDCA4909-F655-4B5E-842D-52A44C71023B}.Debug|x64.ActiveCfg = Debug|x64
		{BDCA4909-F655-4B5E-842D-52A44C71023B}.Debug|x64.Build.0 = Debug|x64
		{BDCA4909-F655-4B5E-842D-52A44C71023B}.Debug|x86.ActiveCfg = Debug|Win32
		{BDCA4909-F655-4B5E-842D-52A44C71023B}.Debug|x86.Build.0 = Debug|Win32
		{BDCA4909-F655-4B5E-842D-52A44C71023B}.Release|x64.ActiveCfg = Release|x64
		{BDCA4909-F655-4B5E-842D-52A44C71023B}.Release|x64.Build.0 = Release|x64
		{BDCA4909-F655-4B5E-842D-52A44C71023B}.Release|x86.ActiveCfg = Release|Win32
		{BDCA4909-F655-4B5E-842D-52A44C71023B}.Release|x86.Build.0 = Release|Win32
		{714C1664-A4CE-48DF-BB29-3D5E47ADF371}.Debug|x64.ActiveCfg = Debug|x64
		{714C1664-A4CE-48DF-BB29-3D5E47ADF371}.Debug|x64.Build.0 = Debug|x64
		{714C1664-A4CE-48DF-BB29-3D5E47ADF371}.Debug|x86.ActiveCfg = Debug|Win32
		{714C1664-A4CE-48DF-BB29-3D5E47ADF371}.Debug|x86.Build.0 = Debug|Win32
		{714C1664-A4CE-48DF-BB29-3D5E47ADF371}.Release|x64.ActiveCfg = Release|x64
		{714C1664-A4CE-48DF-BB29-3D5E47ADF371}.Release|x64.Build.0 = Release|x64
		{714C1664-A4CE-48DF-BB29-3D5E47ADF371}.Release|x86.ActiveCfg = Release|Win32
		{714C1664-A4CE-48DF-BB29-3D5E47ADF371}.Release|x86.Build.0 = Release|Win32
		{37AFE99F-BEC7-480C-BCBD-204112156558}.Debug|x64.ActiveCfg = Debug|x64
		{37AFE99F-BEC7-480C-BCBD-204112156558}.Debug|x64.Build.0 = Debug|x64
		{37AFE99F-BEC7-480C-BCBD-204112156558}.Debug|x86.ActiveCfg = Debug|Win32
		{37AFE99F-BEC7-480C-BCBD-204112156558}.Debug|x86.Build.0 = Debug|Win32
		{37AFE99F-BEC7-480C-BCBD-204112156558}.Release|x64.ActiveCfg = Release|x64
		{37AFE99F-BEC7-480C-BCBD-204112156558}.Release|x64.Build.0 = Release|x64
		{37AFE99F-BEC7-480C-BCBD-204112156558}.Release|x86.ActiveCfg = Release|Win32
		{37AFE99F-BEC7-480C-BCBD-204112156558}.Release|x86.Build.0 = Release|Win32
	EndGlobalSection
	GlobalSection(SolutionProperties) = preSolution
		HideSolutionNode = FALSE
	EndGlobalSection
	GlobalSection(ExtensibilityGlobals) = postSolution
		SolutionGuid = {0356DDAC-A81F-4BB0-A5AD-6C666D2C5162}
	EndGlobalSection
EndGlobal
